// !$*UTF8*$!
{
	archiveVersion = 1;
	classes = {
	};
	objectVersion = 56;
	objects = {

/* Begin PBXBuildFile section */
		0A93838D2A0600BE00889890 /* AppDelegate.swift in Sources */ = {isa = PBXBuildFile; fileRef = 0A93838C2A0600BE00889890 /* AppDelegate.swift */; };
		0A93838F2A0600BE00889890 /* SceneDelegate.swift in Sources */ = {isa = PBXBuildFile; fileRef = 0A93838E2A0600BE00889890 /* SceneDelegate.swift */; };
		0A9383912A0600BE00889890 /* ViewController.swift in Sources */ = {isa = PBXBuildFile; fileRef = 0A9383902A0600BE00889890 /* ViewController.swift */; };
		0A9383962A0600C100889890 /* Assets.xcassets in Resources */ = {isa = PBXBuildFile; fileRef = 0A9383952A0600C100889890 /* Assets.xcassets */; };
		0A9383C02A0601DB00889890 /* CustomTabBar.swift in Sources */ = {isa = PBXBuildFile; fileRef = 0A9383BF2A0601DB00889890 /* CustomTabBar.swift */; };
		0A9383C22A0601FA00889890 /* CustomCollectionViewLayout.swift in Sources */ = {isa = PBXBuildFile; fileRef = 0A9383C12A0601FA00889890 /* CustomCollectionViewLayout.swift */; };
		0A9383C42A06045300889890 /* MTImagePickerManager.swift in Sources */ = {isa = PBXBuildFile; fileRef = 0A9383C32A06045300889890 /* MTImagePickerManager.swift */; };
		0A9383C82A0604D400889890 /* Services.swift in Sources */ = {isa = PBXBuildFile; fileRef = 0A9383C72A0604D400889890 /* Services.swift */; };
		0A9383D32A060C4D00889890 /* LaunchScreen.storyboard in Resources */ = {isa = PBXBuildFile; fileRef = 0A9383D12A060C4D00889890 /* LaunchScreen.storyboard */; };
		0A9383D62A060C7C00889890 /* Main.storyboard in Resources */ = {isa = PBXBuildFile; fileRef = 0A9383D42A060C7C00889890 /* Main.storyboard */; };
		0A9383D92A06F93300889890 /* ProfileVC.swift in Sources */ = {isa = PBXBuildFile; fileRef = 0A9383D82A06F93300889890 /* ProfileVC.swift */; };
		0A9383DC2A0B55EB00889890 /* UIImageView+Extension.swift in Sources */ = {isa = PBXBuildFile; fileRef = 0A9383DB2A0B55EB00889890 /* UIImageView+Extension.swift */; };
		0A9383DE2A0B560400889890 /* UIImage+Extensions.swift in Sources */ = {isa = PBXBuildFile; fileRef = 0A9383DD2A0B560400889890 /* UIImage+Extensions.swift */; };
		0A9383E02A0B561400889890 /* UIViewExt.swift in Sources */ = {isa = PBXBuildFile; fileRef = 0A9383DF2A0B561400889890 /* UIViewExt.swift */; };
		0A9383E22A0B562500889890 /* UITableView+Ext.swift in Sources */ = {isa = PBXBuildFile; fileRef = 0A9383E12A0B562500889890 /* UITableView+Ext.swift */; };
		0A9383E42A0B563700889890 /* ViewController+Ext.swift in Sources */ = {isa = PBXBuildFile; fileRef = 0A9383E32A0B563700889890 /* ViewController+Ext.swift */; };
		0A9383E62A0B564500889890 /* Extensions.swift in Sources */ = {isa = PBXBuildFile; fileRef = 0A9383E52A0B564500889890 /* Extensions.swift */; };
		0A9383E82A0B565700889890 /* String+Ext.swift in Sources */ = {isa = PBXBuildFile; fileRef = 0A9383E72A0B565700889890 /* String+Ext.swift */; };
		0A9383EA2A0B566C00889890 /* UIColor+Ext.swift in Sources */ = {isa = PBXBuildFile; fileRef = 0A9383E92A0B566C00889890 /* UIColor+Ext.swift */; };
		0A9383EC2A0B567D00889890 /* Storyboarded.swift in Sources */ = {isa = PBXBuildFile; fileRef = 0A9383EB2A0B567D00889890 /* Storyboarded.swift */; };
		0A9383EE2A0B568B00889890 /* Array+Ext.swift in Sources */ = {isa = PBXBuildFile; fileRef = 0A9383ED2A0B568B00889890 /* Array+Ext.swift */; };
		0A9383F02A0B56A600889890 /* Bundle-Decodable.swift in Sources */ = {isa = PBXBuildFile; fileRef = 0A9383EF2A0B56A600889890 /* Bundle-Decodable.swift */; };
		0A9383F22A0B56B800889890 /* UserDefaults+Ext.swift in Sources */ = {isa = PBXBuildFile; fileRef = 0A9383F12A0B56B800889890 /* UserDefaults+Ext.swift */; };
		0A9384012A0B5C9A00889890 /* ProfileVideoCell.swift in Sources */ = {isa = PBXBuildFile; fileRef = 0A9384002A0B5C9A00889890 /* ProfileVideoCell.swift */; };
		0A9384032A0B5CF200889890 /* ProfileVideoCell.xib in Resources */ = {isa = PBXBuildFile; fileRef = 0A9384022A0B5CF100889890 /* ProfileVideoCell.xib */; };
		0A9384052A0C929800889890 /* HomeVC.swift in Sources */ = {isa = PBXBuildFile; fileRef = 0A9384042A0C929800889890 /* HomeVC.swift */; };
		0A9384072A0C92E000889890 /* HomeCell.swift in Sources */ = {isa = PBXBuildFile; fileRef = 0A9384062A0C92E000889890 /* HomeCell.swift */; };
		0A9384092A0C932E00889890 /* Theme.xcassets in Resources */ = {isa = PBXBuildFile; fileRef = 0A9384082A0C932E00889890 /* Theme.xcassets */; };
		0A93840C2A0C936900889890 /* Utils.swift in Sources */ = {isa = PBXBuildFile; fileRef = 0A93840B2A0C936900889890 /* Utils.swift */; };
		0A93840E2A0C939500889890 /* Utils+AllControllers.swift in Sources */ = {isa = PBXBuildFile; fileRef = 0A93840D2A0C939500889890 /* Utils+AllControllers.swift */; };
		0A9384122A0C94DC00889890 /* CameraVC.swift in Sources */ = {isa = PBXBuildFile; fileRef = 0A9384112A0C94DC00889890 /* CameraVC.swift */; };
		0A9384142A0C94EB00889890 /* PhotoPreviewVC.swift in Sources */ = {isa = PBXBuildFile; fileRef = 0A9384132A0C94EB00889890 /* PhotoPreviewVC.swift */; };
		0A9384162A0C959E00889890 /* Assets.xcassets in Resources */ = {isa = PBXBuildFile; fileRef = 0A9384152A0C959E00889890 /* Assets.xcassets */; };
		0A9384182A0C971F00889890 /* StoryFirstCell.swift in Sources */ = {isa = PBXBuildFile; fileRef = 0A9384172A0C971F00889890 /* StoryFirstCell.swift */; };
		0A93841A2A0C972D00889890 /* StoryMainCell.swift in Sources */ = {isa = PBXBuildFile; fileRef = 0A9384192A0C972D00889890 /* StoryMainCell.swift */; };
		0A93841C2A0C973E00889890 /* StoryFirstCell.xib in Resources */ = {isa = PBXBuildFile; fileRef = 0A93841B2A0C973E00889890 /* StoryFirstCell.xib */; };
		0A93841E2A0C974B00889890 /* StoryMainCell.xib in Resources */ = {isa = PBXBuildFile; fileRef = 0A93841D2A0C974B00889890 /* StoryMainCell.xib */; };
/* End PBXBuildFile section */

/* Begin PBXContainerItemProxy section */
		0A9383A02A0600C100889890 /* PBXContainerItemProxy */ = {
			isa = PBXContainerItemProxy;
			containerPortal = 0A9383812A0600BE00889890 /* Project object */;
			proxyType = 1;
			remoteGlobalIDString = 0A9383882A0600BE00889890;
			remoteInfo = videojournal;
		};
		0A9383AA2A0600C100889890 /* PBXContainerItemProxy */ = {
			isa = PBXContainerItemProxy;
			containerPortal = 0A9383812A0600BE00889890 /* Project object */;
			proxyType = 1;
			remoteGlobalIDString = 0A9383882A0600BE00889890;
			remoteInfo = videojournal;
		};
/* End PBXContainerItemProxy section */

/* Begin PBXFileReference section */
		0A9383892A0600BE00889890 /* videojournal.app */ = {isa = PBXFileReference; explicitFileType = wrapper.application; includeInIndex = 0; path = videojournal.app; sourceTree = BUILT_PRODUCTS_DIR; };
		0A93838C2A0600BE00889890 /* AppDelegate.swift */ = {isa = PBXFileReference; lastKnownFileType = sourcecode.swift; path = AppDelegate.swift; sourceTree = "<group>"; };
		0A93838E2A0600BE00889890 /* SceneDelegate.swift */ = {isa = PBXFileReference; lastKnownFileType = sourcecode.swift; path = SceneDelegate.swift; sourceTree = "<group>"; };
		0A9383902A0600BE00889890 /* ViewController.swift */ = {isa = PBXFileReference; lastKnownFileType = sourcecode.swift; path = ViewController.swift; sourceTree = "<group>"; };
		0A9383952A0600C100889890 /* Assets.xcassets */ = {isa = PBXFileReference; lastKnownFileType = folder.assetcatalog; path = Assets.xcassets; sourceTree = "<group>"; };
		0A93839A2A0600C100889890 /* Info.plist */ = {isa = PBXFileReference; lastKnownFileType = text.plist.xml; path = Info.plist; sourceTree = "<group>"; };
		0A93839F2A0600C100889890 /* videojournalTests.xctest */ = {isa = PBXFileReference; explicitFileType = wrapper.cfbundle; includeInIndex = 0; path = videojournalTests.xctest; sourceTree = BUILT_PRODUCTS_DIR; };
		0A9383A92A0600C100889890 /* videojournalUITests.xctest */ = {isa = PBXFileReference; explicitFileType = wrapper.cfbundle; includeInIndex = 0; path = videojournalUITests.xctest; sourceTree = BUILT_PRODUCTS_DIR; };
		0A9383BF2A0601DB00889890 /* CustomTabBar.swift */ = {isa = PBXFileReference; lastKnownFileType = sourcecode.swift; path = CustomTabBar.swift; sourceTree = "<group>"; };
		0A9383C12A0601FA00889890 /* CustomCollectionViewLayout.swift */ = {isa = PBXFileReference; lastKnownFileType = sourcecode.swift; path = CustomCollectionViewLayout.swift; sourceTree = "<group>"; };
		0A9383C32A06045300889890 /* MTImagePickerManager.swift */ = {isa = PBXFileReference; lastKnownFileType = sourcecode.swift; path = MTImagePickerManager.swift; sourceTree = "<group>"; };
		0A9383C72A0604D400889890 /* Services.swift */ = {isa = PBXFileReference; lastKnownFileType = sourcecode.swift; path = Services.swift; sourceTree = "<group>"; };
		0A9383D22A060C4D00889890 /* Base */ = {isa = PBXFileReference; lastKnownFileType = file.storyboard; name = Base; path = "../../../../Downloads/video-journal-ios-main-2/video-journal/Storyboards/Base.lproj/LaunchScreen.storyboard"; sourceTree = "<group>"; };
		0A9383D52A060C7C00889890 /* Base */ = {isa = PBXFileReference; lastKnownFileType = file.storyboard; name = Base; path = "../../../../Downloads/video-journal-ios-main-2/video-journal/Storyboards/Base.lproj/Main.storyboard"; sourceTree = "<group>"; };
		0A9383D82A06F93300889890 /* ProfileVC.swift */ = {isa = PBXFileReference; lastKnownFileType = sourcecode.swift; path = ProfileVC.swift; sourceTree = "<group>"; };
		0A9383DB2A0B55EB00889890 /* UIImageView+Extension.swift */ = {isa = PBXFileReference; lastKnownFileType = sourcecode.swift; path = "UIImageView+Extension.swift"; sourceTree = "<group>"; };
		0A9383DD2A0B560400889890 /* UIImage+Extensions.swift */ = {isa = PBXFileReference; lastKnownFileType = sourcecode.swift; path = "UIImage+Extensions.swift"; sourceTree = "<group>"; };
		0A9383DF2A0B561400889890 /* UIViewExt.swift */ = {isa = PBXFileReference; lastKnownFileType = sourcecode.swift; path = UIViewExt.swift; sourceTree = "<group>"; };
		0A9383E12A0B562500889890 /* UITableView+Ext.swift */ = {isa = PBXFileReference; lastKnownFileType = sourcecode.swift; path = "UITableView+Ext.swift"; sourceTree = "<group>"; };
		0A9383E32A0B563700889890 /* ViewController+Ext.swift */ = {isa = PBXFileReference; lastKnownFileType = sourcecode.swift; path = "ViewController+Ext.swift"; sourceTree = "<group>"; };
		0A9383E52A0B564500889890 /* Extensions.swift */ = {isa = PBXFileReference; lastKnownFileType = sourcecode.swift; path = Extensions.swift; sourceTree = "<group>"; };
		0A9383E72A0B565700889890 /* String+Ext.swift */ = {isa = PBXFileReference; lastKnownFileType = sourcecode.swift; path = "String+Ext.swift"; sourceTree = "<group>"; };
		0A9383E92A0B566C00889890 /* UIColor+Ext.swift */ = {isa = PBXFileReference; lastKnownFileType = sourcecode.swift; path = "UIColor+Ext.swift"; sourceTree = "<group>"; };
		0A9383EB2A0B567D00889890 /* Storyboarded.swift */ = {isa = PBXFileReference; lastKnownFileType = sourcecode.swift; path = Storyboarded.swift; sourceTree = "<group>"; };
		0A9383ED2A0B568B00889890 /* Array+Ext.swift */ = {isa = PBXFileReference; lastKnownFileType = sourcecode.swift; path = "Array+Ext.swift"; sourceTree = "<group>"; };
		0A9383EF2A0B56A600889890 /* Bundle-Decodable.swift */ = {isa = PBXFileReference; lastKnownFileType = sourcecode.swift; path = "Bundle-Decodable.swift"; sourceTree = "<group>"; };
		0A9383F12A0B56B800889890 /* UserDefaults+Ext.swift */ = {isa = PBXFileReference; lastKnownFileType = sourcecode.swift; path = "UserDefaults+Ext.swift"; sourceTree = "<group>"; };
		0A9383F72A0B5B7100889890 /* Inter-Bold.ttf */ = {isa = PBXFileReference; lastKnownFileType = file; name = "Inter-Bold.ttf"; path = "../../../../../Downloads/video-journal-ios-main-2/video-journal/Resources/Fonts/Inter-Bold.ttf"; sourceTree = "<group>"; };
		0A9383F82A0B5B7600889890 /* Inter-Medium.ttf */ = {isa = PBXFileReference; lastKnownFileType = file; name = "Inter-Medium.ttf"; path = "../../../../../Downloads/video-journal-ios-main-2/video-journal/Resources/Fonts/Inter-Medium.ttf"; sourceTree = "<group>"; };
		0A9383F92A0B5B7F00889890 /* Inter-Regular.ttf */ = {isa = PBXFileReference; lastKnownFileType = file; name = "Inter-Regular.ttf"; path = "../../../../../Downloads/video-journal-ios-main-2/video-journal/Resources/Fonts/Inter-Regular.ttf"; sourceTree = "<group>"; };
		0A9383FF2A0B5C1A00889890 /* Inter-SemiBold.ttf */ = {isa = PBXFileReference; lastKnownFileType = file; name = "Inter-SemiBold.ttf"; path = "../../../../../Downloads/video-journal-ios-main-2/video-journal/Resources/Fonts/Inter-SemiBold.ttf"; sourceTree = "<group>"; };
		0A9384002A0B5C9A00889890 /* ProfileVideoCell.swift */ = {isa = PBXFileReference; lastKnownFileType = sourcecode.swift; path = ProfileVideoCell.swift; sourceTree = "<group>"; };
		0A9384022A0B5CF100889890 /* ProfileVideoCell.xib */ = {isa = PBXFileReference; fileEncoding = 4; lastKnownFileType = file.xib; name = ProfileVideoCell.xib; path = "../../../../Downloads/video-journal-ios-main-2/video-journal/Cells&Xib/ProfileVideoCell.xib"; sourceTree = "<group>"; };
		0A9384042A0C929800889890 /* HomeVC.swift */ = {isa = PBXFileReference; lastKnownFileType = sourcecode.swift; path = HomeVC.swift; sourceTree = "<group>"; };
		0A9384062A0C92E000889890 /* HomeCell.swift */ = {isa = PBXFileReference; lastKnownFileType = sourcecode.swift; path = HomeCell.swift; sourceTree = "<group>"; };
		0A9384082A0C932E00889890 /* Theme.xcassets */ = {isa = PBXFileReference; lastKnownFileType = folder.assetcatalog; name = Theme.xcassets; path = "../../../../Downloads/video-journal-ios-main-4/video-journal/Resources/Theme.xcassets"; sourceTree = "<group>"; };
		0A93840B2A0C936900889890 /* Utils.swift */ = {isa = PBXFileReference; lastKnownFileType = sourcecode.swift; path = Utils.swift; sourceTree = "<group>"; };
		0A93840D2A0C939500889890 /* Utils+AllControllers.swift */ = {isa = PBXFileReference; lastKnownFileType = sourcecode.swift; path = "Utils+AllControllers.swift"; sourceTree = "<group>"; };
		0A9384112A0C94DC00889890 /* CameraVC.swift */ = {isa = PBXFileReference; lastKnownFileType = sourcecode.swift; path = CameraVC.swift; sourceTree = "<group>"; };
		0A9384132A0C94EB00889890 /* PhotoPreviewVC.swift */ = {isa = PBXFileReference; lastKnownFileType = sourcecode.swift; path = PhotoPreviewVC.swift; sourceTree = "<group>"; };
		0A9384152A0C959E00889890 /* Assets.xcassets */ = {isa = PBXFileReference; lastKnownFileType = folder.assetcatalog; name = Assets.xcassets; path = "../../../../Downloads/video-journal-ios-main-4/video-journal/Resources/Assets.xcassets"; sourceTree = "<group>"; };
		0A9384172A0C971F00889890 /* StoryFirstCell.swift */ = {isa = PBXFileReference; lastKnownFileType = sourcecode.swift; path = StoryFirstCell.swift; sourceTree = "<group>"; };
		0A9384192A0C972D00889890 /* StoryMainCell.swift */ = {isa = PBXFileReference; lastKnownFileType = sourcecode.swift; path = StoryMainCell.swift; sourceTree = "<group>"; };
		0A93841B2A0C973E00889890 /* StoryFirstCell.xib */ = {isa = PBXFileReference; fileEncoding = 4; lastKnownFileType = file.xib; name = StoryFirstCell.xib; path = "../../../../Downloads/video-journal-ios-main-4/video-journal/Cells&Xib/StoryFirstCell.xib"; sourceTree = "<group>"; };
		0A93841D2A0C974B00889890 /* StoryMainCell.xib */ = {isa = PBXFileReference; fileEncoding = 4; lastKnownFileType = file.xib; name = StoryMainCell.xib; path = "../../../../Downloads/video-journal-ios-main-4/video-journal/Cells&Xib/StoryMainCell.xib"; sourceTree = "<group>"; };
/* End PBXFileReference section */

/* Begin PBXFrameworksBuildPhase section */
		0A9383862A0600BE00889890 /* Frameworks */ = {
			isa = PBXFrameworksBuildPhase;
			buildActionMask = 2147483647;
			files = (
			);
			runOnlyForDeploymentPostprocessing = 0;
		};
		0A93839C2A0600C100889890 /* Frameworks */ = {
			isa = PBXFrameworksBuildPhase;
			buildActionMask = 2147483647;
			files = (
			);
			runOnlyForDeploymentPostprocessing = 0;
		};
		0A9383A62A0600C100889890 /* Frameworks */ = {
			isa = PBXFrameworksBuildPhase;
			buildActionMask = 2147483647;
			files = (
			);
			runOnlyForDeploymentPostprocessing = 0;
		};
/* End PBXFrameworksBuildPhase section */

/* Begin PBXGroup section */
		0A9383802A0600BE00889890 = {
			isa = PBXGroup;
			children = (
				0A93838B2A0600BE00889890 /* videojournal */,
				0A93838A2A0600BE00889890 /* Products */,
			);
			sourceTree = "<group>";
		};
		0A93838A2A0600BE00889890 /* Products */ = {
			isa = PBXGroup;
			children = (
				0A9383892A0600BE00889890 /* videojournal.app */,
				0A93839F2A0600C100889890 /* videojournalTests.xctest */,
				0A9383A92A0600C100889890 /* videojournalUITests.xctest */,
			);
			name = Products;
			sourceTree = "<group>";
		};
		0A93838B2A0600BE00889890 /* videojournal */ = {
			isa = PBXGroup;
			children = (
				0A9383F32A0B594400889890 /* Resources */,
				0A9383D02A060A3E00889890 /* Cells&Xib */,
				0A9383CF2A0609E200889890 /* Storyboards */,
				0A9383D72A06F8E900889890 /* AppDelegate */,
				0A9383BD2A06018400889890 /* Help Functions */,
				0A9383CD2A06056000889890 /* Controllers */,
				0A9383902A0600BE00889890 /* ViewController.swift */,
				0A9383952A0600C100889890 /* Assets.xcassets */,
				0A93839A2A0600C100889890 /* Info.plist */,
			);
			path = videojournal;
			sourceTree = "<group>";
		};
		0A9383BD2A06018400889890 /* Help Functions */ = {
			isa = PBXGroup;
			children = (
				0A93840A2A0C935B00889890 /* Utils */,
				0A9383DA2A0894FF00889890 /* Extensions */,
				0A9383BE2A0601AA00889890 /* CustomTabBar */,
				0A9383C52A06045C00889890 /* MTImagePickerManager */,
				0A9383C62A0604AC00889890 /* Helping Methods */,
			);
			path = "Help Functions";
			sourceTree = "<group>";
		};
		0A9383BE2A0601AA00889890 /* CustomTabBar */ = {
			isa = PBXGroup;
			children = (
				0A9383BF2A0601DB00889890 /* CustomTabBar.swift */,
				0A9383C12A0601FA00889890 /* CustomCollectionViewLayout.swift */,
			);
			path = CustomTabBar;
			sourceTree = "<group>";
		};
		0A9383C52A06045C00889890 /* MTImagePickerManager */ = {
			isa = PBXGroup;
			children = (
				0A9383C32A06045300889890 /* MTImagePickerManager.swift */,
			);
			path = MTImagePickerManager;
			sourceTree = "<group>";
		};
		0A9383C62A0604AC00889890 /* Helping Methods */ = {
			isa = PBXGroup;
			children = (
				0A9383C72A0604D400889890 /* Services.swift */,
			);
			path = "Helping Methods";
			sourceTree = "<group>";
		};
		0A9383CD2A06056000889890 /* Controllers */ = {
			isa = PBXGroup;
			children = (
				0A9383D82A06F93300889890 /* ProfileVC.swift */,
				0A9384042A0C929800889890 /* HomeVC.swift */,
				0A9384112A0C94DC00889890 /* CameraVC.swift */,
				0A9384132A0C94EB00889890 /* PhotoPreviewVC.swift */,
			);
			path = Controllers;
			sourceTree = "<group>";
		};
		0A9383CF2A0609E200889890 /* Storyboards */ = {
			isa = PBXGroup;
			children = (
				0A9383D12A060C4D00889890 /* LaunchScreen.storyboard */,
				0A9383D42A060C7C00889890 /* Main.storyboard */,
			);
			path = Storyboards;
			sourceTree = "<group>";
		};
		0A9383D02A060A3E00889890 /* Cells&Xib */ = {
			isa = PBXGroup;
			children = (
				0A9384002A0B5C9A00889890 /* ProfileVideoCell.swift */,
				0A9384022A0B5CF100889890 /* ProfileVideoCell.xib */,
				0A9384062A0C92E000889890 /* HomeCell.swift */,
				0A93841B2A0C973E00889890 /* StoryFirstCell.xib */,
				0A9384172A0C971F00889890 /* StoryFirstCell.swift */,
				0A9384192A0C972D00889890 /* StoryMainCell.swift */,
				0A93841D2A0C974B00889890 /* StoryMainCell.xib */,
			);
			path = "Cells&Xib";
			sourceTree = "<group>";
		};
		0A9383D72A06F8E900889890 /* AppDelegate */ = {
			isa = PBXGroup;
			children = (
				0A93838C2A0600BE00889890 /* AppDelegate.swift */,
				0A93838E2A0600BE00889890 /* SceneDelegate.swift */,
			);
			path = AppDelegate;
			sourceTree = "<group>";
		};
		0A9383DA2A0894FF00889890 /* Extensions */ = {
			isa = PBXGroup;
			children = (
				0A9383DB2A0B55EB00889890 /* UIImageView+Extension.swift */,
				0A9383DD2A0B560400889890 /* UIImage+Extensions.swift */,
				0A9383DF2A0B561400889890 /* UIViewExt.swift */,
				0A9383E12A0B562500889890 /* UITableView+Ext.swift */,
				0A9383E32A0B563700889890 /* ViewController+Ext.swift */,
				0A9383E52A0B564500889890 /* Extensions.swift */,
				0A9383E72A0B565700889890 /* String+Ext.swift */,
				0A9383E92A0B566C00889890 /* UIColor+Ext.swift */,
				0A9383EB2A0B567D00889890 /* Storyboarded.swift */,
				0A9383ED2A0B568B00889890 /* Array+Ext.swift */,
				0A9383EF2A0B56A600889890 /* Bundle-Decodable.swift */,
				0A9383F12A0B56B800889890 /* UserDefaults+Ext.swift */,
			);
			path = Extensions;
			sourceTree = "<group>";
		};
		0A9383F32A0B594400889890 /* Resources */ = {
			isa = PBXGroup;
			children = (
				0A9384152A0C959E00889890 /* Assets.xcassets */,
				0A9384082A0C932E00889890 /* Theme.xcassets */,
				0A9383F42A0B595200889890 /* Fonts */,
			);
			path = Resources;
			sourceTree = "<group>";
		};
		0A9383F42A0B595200889890 /* Fonts */ = {
			isa = PBXGroup;
			children = (
				0A9383F72A0B5B7100889890 /* Inter-Bold.ttf */,
				0A9383F82A0B5B7600889890 /* Inter-Medium.ttf */,
				0A9383F92A0B5B7F00889890 /* Inter-Regular.ttf */,
				0A9383FF2A0B5C1A00889890 /* Inter-SemiBold.ttf */,
			);
			path = Fonts;
			sourceTree = "<group>";
		};
		0A93840A2A0C935B00889890 /* Utils */ = {
			isa = PBXGroup;
			children = (
				0A93840B2A0C936900889890 /* Utils.swift */,
				0A93840D2A0C939500889890 /* Utils+AllControllers.swift */,
			);
			path = Utils;
			sourceTree = "<group>";
		};
/* End PBXGroup section */

/* Begin PBXNativeTarget section */
		0A9383882A0600BE00889890 /* videojournal */ = {
			isa = PBXNativeTarget;
			buildConfigurationList = 0A9383B32A0600C100889890 /* Build configuration list for PBXNativeTarget "videojournal" */;
			buildPhases = (
				0A9383852A0600BE00889890 /* Sources */,
				0A9383862A0600BE00889890 /* Frameworks */,
				0A9383872A0600BE00889890 /* Resources */,
			);
			buildRules = (
			);
			dependencies = (
			);
			name = videojournal;
			productName = videojournal;
			productReference = 0A9383892A0600BE00889890 /* videojournal.app */;
			productType = "com.apple.product-type.application";
		};
		0A93839E2A0600C100889890 /* videojournalTests */ = {
			isa = PBXNativeTarget;
			buildConfigurationList = 0A9383B62A0600C100889890 /* Build configuration list for PBXNativeTarget "videojournalTests" */;
			buildPhases = (
				0A93839B2A0600C100889890 /* Sources */,
				0A93839C2A0600C100889890 /* Frameworks */,
				0A93839D2A0600C100889890 /* Resources */,
			);
			buildRules = (
			);
			dependencies = (
				0A9383A12A0600C100889890 /* PBXTargetDependency */,
			);
			name = videojournalTests;
			productName = videojournalTests;
			productReference = 0A93839F2A0600C100889890 /* videojournalTests.xctest */;
			productType = "com.apple.product-type.bundle.unit-test";
		};
		0A9383A82A0600C100889890 /* videojournalUITests */ = {
			isa = PBXNativeTarget;
			buildConfigurationList = 0A9383B92A0600C100889890 /* Build configuration list for PBXNativeTarget "videojournalUITests" */;
			buildPhases = (
				0A9383A52A0600C100889890 /* Sources */,
				0A9383A62A0600C100889890 /* Frameworks */,
				0A9383A72A0600C100889890 /* Resources */,
			);
			buildRules = (
			);
			dependencies = (
				0A9383AB2A0600C100889890 /* PBXTargetDependency */,
			);
			name = videojournalUITests;
			productName = videojournalUITests;
			productReference = 0A9383A92A0600C100889890 /* videojournalUITests.xctest */;
			productType = "com.apple.product-type.bundle.ui-testing";
		};
/* End PBXNativeTarget section */

/* Begin PBXProject section */
		0A9383812A0600BE00889890 /* Project object */ = {
			isa = PBXProject;
			attributes = {
				BuildIndependentTargetsInParallel = 1;
				LastSwiftUpdateCheck = 1430;
				LastUpgradeCheck = 1430;
				TargetAttributes = {
					0A9383882A0600BE00889890 = {
						CreatedOnToolsVersion = 14.3;
					};
					0A93839E2A0600C100889890 = {
						CreatedOnToolsVersion = 14.3;
						TestTargetID = 0A9383882A0600BE00889890;
					};
					0A9383A82A0600C100889890 = {
						CreatedOnToolsVersion = 14.3;
						TestTargetID = 0A9383882A0600BE00889890;
					};
				};
			};
			buildConfigurationList = 0A9383842A0600BE00889890 /* Build configuration list for PBXProject "videojournal" */;
			compatibilityVersion = "Xcode 14.0";
			developmentRegion = en;
			hasScannedForEncodings = 0;
			knownRegions = (
				en,
				Base,
			);
			mainGroup = 0A9383802A0600BE00889890;
			productRefGroup = 0A93838A2A0600BE00889890 /* Products */;
			projectDirPath = "";
			projectRoot = "";
			targets = (
				0A9383882A0600BE00889890 /* videojournal */,
				0A93839E2A0600C100889890 /* videojournalTests */,
				0A9383A82A0600C100889890 /* videojournalUITests */,
			);
		};
/* End PBXProject section */

/* Begin PBXResourcesBuildPhase section */
		0A9383872A0600BE00889890 /* Resources */ = {
			isa = PBXResourcesBuildPhase;
			buildActionMask = 2147483647;
			files = (
				0A93841E2A0C974B00889890 /* StoryMainCell.xib in Resources */,
				0A9383D32A060C4D00889890 /* LaunchScreen.storyboard in Resources */,
				0A9383962A0600C100889890 /* Assets.xcassets in Resources */,
				0A9384032A0B5CF200889890 /* ProfileVideoCell.xib in Resources */,
				0A9384092A0C932E00889890 /* Theme.xcassets in Resources */,
				0A9384162A0C959E00889890 /* Assets.xcassets in Resources */,
				0A93841C2A0C973E00889890 /* StoryFirstCell.xib in Resources */,
				0A9383D62A060C7C00889890 /* Main.storyboard in Resources */,
			);
			runOnlyForDeploymentPostprocessing = 0;
		};
		0A93839D2A0600C100889890 /* Resources */ = {
			isa = PBXResourcesBuildPhase;
			buildActionMask = 2147483647;
			files = (
			);
			runOnlyForDeploymentPostprocessing = 0;
		};
		0A9383A72A0600C100889890 /* Resources */ = {
			isa = PBXResourcesBuildPhase;
			buildActionMask = 2147483647;
			files = (
			);
			runOnlyForDeploymentPostprocessing = 0;
		};
/* End PBXResourcesBuildPhase section */

/* Begin PBXSourcesBuildPhase section */
		0A9383852A0600BE00889890 /* Sources */ = {
			isa = PBXSourcesBuildPhase;
			buildActionMask = 2147483647;
			files = (
				0A9384182A0C971F00889890 /* StoryFirstCell.swift in Sources */,
				0A9383E42A0B563700889890 /* ViewController+Ext.swift in Sources */,
				0A9384142A0C94EB00889890 /* PhotoPreviewVC.swift in Sources */,
				0A9383C02A0601DB00889890 /* CustomTabBar.swift in Sources */,
				0A9383912A0600BE00889890 /* ViewController.swift in Sources */,
				0A93841A2A0C972D00889890 /* StoryMainCell.swift in Sources */,
				0A9384012A0B5C9A00889890 /* ProfileVideoCell.swift in Sources */,
				0A9383E82A0B565700889890 /* String+Ext.swift in Sources */,
				0A9384072A0C92E000889890 /* HomeCell.swift in Sources */,
				0A93838D2A0600BE00889890 /* AppDelegate.swift in Sources */,
				0A9383EA2A0B566C00889890 /* UIColor+Ext.swift in Sources */,
				0A9383DC2A0B55EB00889890 /* UIImageView+Extension.swift in Sources */,
				0A9383C82A0604D400889890 /* Services.swift in Sources */,
				0A9384052A0C929800889890 /* HomeVC.swift in Sources */,
				0A9383F22A0B56B800889890 /* UserDefaults+Ext.swift in Sources */,
				0A9383EC2A0B567D00889890 /* Storyboarded.swift in Sources */,
				0A9383E02A0B561400889890 /* UIViewExt.swift in Sources */,
				0A9383D92A06F93300889890 /* ProfileVC.swift in Sources */,
				0A9383C22A0601FA00889890 /* CustomCollectionViewLayout.swift in Sources */,
				0A9383DE2A0B560400889890 /* UIImage+Extensions.swift in Sources */,
				0A9383E22A0B562500889890 /* UITableView+Ext.swift in Sources */,
				0A9383C42A06045300889890 /* MTImagePickerManager.swift in Sources */,
				0A9383EE2A0B568B00889890 /* Array+Ext.swift in Sources */,
				0A93838F2A0600BE00889890 /* SceneDelegate.swift in Sources */,
				0A9383E62A0B564500889890 /* Extensions.swift in Sources */,
				0A9383F02A0B56A600889890 /* Bundle-Decodable.swift in Sources */,
				0A9384122A0C94DC00889890 /* CameraVC.swift in Sources */,
				0A93840C2A0C936900889890 /* Utils.swift in Sources */,
				0A93840E2A0C939500889890 /* Utils+AllControllers.swift in Sources */,
			);
			runOnlyForDeploymentPostprocessing = 0;
		};
		0A93839B2A0600C100889890 /* Sources */ = {
			isa = PBXSourcesBuildPhase;
			buildActionMask = 2147483647;
			files = (
			);
			runOnlyForDeploymentPostprocessing = 0;
		};
		0A9383A52A0600C100889890 /* Sources */ = {
			isa = PBXSourcesBuildPhase;
			buildActionMask = 2147483647;
			files = (
			);
			runOnlyForDeploymentPostprocessing = 0;
		};
/* End PBXSourcesBuildPhase section */

/* Begin PBXTargetDependency section */
		0A9383A12A0600C100889890 /* PBXTargetDependency */ = {
			isa = PBXTargetDependency;
			target = 0A9383882A0600BE00889890 /* videojournal */;
			targetProxy = 0A9383A02A0600C100889890 /* PBXContainerItemProxy */;
		};
		0A9383AB2A0600C100889890 /* PBXTargetDependency */ = {
			isa = PBXTargetDependency;
			target = 0A9383882A0600BE00889890 /* videojournal */;
			targetProxy = 0A9383AA2A0600C100889890 /* PBXContainerItemProxy */;
		};
/* End PBXTargetDependency section */

/* Begin PBXVariantGroup section */
		0A9383D12A060C4D00889890 /* LaunchScreen.storyboard */ = {
			isa = PBXVariantGroup;
			children = (
				0A9383D22A060C4D00889890 /* Base */,
			);
			name = LaunchScreen.storyboard;
			sourceTree = "<group>";
		};
		0A9383D42A060C7C00889890 /* Main.storyboard */ = {
			isa = PBXVariantGroup;
			children = (
				0A9383D52A060C7C00889890 /* Base */,
			);
			name = Main.storyboard;
			sourceTree = "<group>";
		};
/* End PBXVariantGroup section */

/* Begin XCBuildConfiguration section */
		0A9383B12A0600C100889890 /* Debug */ = {
			isa = XCBuildConfiguration;
			buildSettings = {
				ALWAYS_SEARCH_USER_PATHS = NO;
				CLANG_ANALYZER_NONNULL = YES;
				CLANG_ANALYZER_NUMBER_OBJECT_CONVERSION = YES_AGGRESSIVE;
				CLANG_CXX_LANGUAGE_STANDARD = "gnu++20";
				CLANG_ENABLE_MODULES = YES;
				CLANG_ENABLE_OBJC_ARC = YES;
				CLANG_ENABLE_OBJC_WEAK = YES;
				CLANG_WARN_BLOCK_CAPTURE_AUTORELEASING = YES;
				CLANG_WARN_BOOL_CONVERSION = YES;
				CLANG_WARN_COMMA = YES;
				CLANG_WARN_CONSTANT_CONVERSION = YES;
				CLANG_WARN_DEPRECATED_OBJC_IMPLEMENTATIONS = YES;
				CLANG_WARN_DIRECT_OBJC_ISA_USAGE = YES_ERROR;
				CLANG_WARN_DOCUMENTATION_COMMENTS = YES;
				CLANG_WARN_EMPTY_BODY = YES;
				CLANG_WARN_ENUM_CONVERSION = YES;
				CLANG_WARN_INFINITE_RECURSION = YES;
				CLANG_WARN_INT_CONVERSION = YES;
				CLANG_WARN_NON_LITERAL_NULL_CONVERSION = YES;
				CLANG_WARN_OBJC_IMPLICIT_RETAIN_SELF = YES;
				CLANG_WARN_OBJC_LITERAL_CONVERSION = YES;
				CLANG_WARN_OBJC_ROOT_CLASS = YES_ERROR;
				CLANG_WARN_QUOTED_INCLUDE_IN_FRAMEWORK_HEADER = YES;
				CLANG_WARN_RANGE_LOOP_ANALYSIS = YES;
				CLANG_WARN_STRICT_PROTOTYPES = YES;
				CLANG_WARN_SUSPICIOUS_MOVE = YES;
				CLANG_WARN_UNGUARDED_AVAILABILITY = YES_AGGRESSIVE;
				CLANG_WARN_UNREACHABLE_CODE = YES;
				CLANG_WARN__DUPLICATE_METHOD_MATCH = YES;
				COPY_PHASE_STRIP = NO;
				DEBUG_INFORMATION_FORMAT = dwarf;
				ENABLE_STRICT_OBJC_MSGSEND = YES;
				ENABLE_TESTABILITY = YES;
				GCC_C_LANGUAGE_STANDARD = gnu11;
				GCC_DYNAMIC_NO_PIC = NO;
				GCC_NO_COMMON_BLOCKS = YES;
				GCC_OPTIMIZATION_LEVEL = 0;
				GCC_PREPROCESSOR_DEFINITIONS = (
					"DEBUG=1",
					"$(inherited)",
				);
				GCC_WARN_64_TO_32_BIT_CONVERSION = YES;
				GCC_WARN_ABOUT_RETURN_TYPE = YES_ERROR;
				GCC_WARN_UNDECLARED_SELECTOR = YES;
				GCC_WARN_UNINITIALIZED_AUTOS = YES_AGGRESSIVE;
				GCC_WARN_UNUSED_FUNCTION = YES;
				GCC_WARN_UNUSED_VARIABLE = YES;
				IPHONEOS_DEPLOYMENT_TARGET = 16.4;
				MTL_ENABLE_DEBUG_INFO = INCLUDE_SOURCE;
				MTL_FAST_MATH = YES;
				ONLY_ACTIVE_ARCH = YES;
				SDKROOT = iphoneos;
				SWIFT_ACTIVE_COMPILATION_CONDITIONS = DEBUG;
				SWIFT_OPTIMIZATION_LEVEL = "-Onone";
			};
			name = Debug;
		};
		0A9383B22A0600C100889890 /* Release */ = {
			isa = XCBuildConfiguration;
			buildSettings = {
				ALWAYS_SEARCH_USER_PATHS = NO;
				CLANG_ANALYZER_NONNULL = YES;
				CLANG_ANALYZER_NUMBER_OBJECT_CONVERSION = YES_AGGRESSIVE;
				CLANG_CXX_LANGUAGE_STANDARD = "gnu++20";
				CLANG_ENABLE_MODULES = YES;
				CLANG_ENABLE_OBJC_ARC = YES;
				CLANG_ENABLE_OBJC_WEAK = YES;
				CLANG_WARN_BLOCK_CAPTURE_AUTORELEASING = YES;
				CLANG_WARN_BOOL_CONVERSION = YES;
				CLANG_WARN_COMMA = YES;
				CLANG_WARN_CONSTANT_CONVERSION = YES;
				CLANG_WARN_DEPRECATED_OBJC_IMPLEMENTATIONS = YES;
				CLANG_WARN_DIRECT_OBJC_ISA_USAGE = YES_ERROR;
				CLANG_WARN_DOCUMENTATION_COMMENTS = YES;
				CLANG_WARN_EMPTY_BODY = YES;
				CLANG_WARN_ENUM_CONVERSION = YES;
				CLANG_WARN_INFINITE_RECURSION = YES;
				CLANG_WARN_INT_CONVERSION = YES;
				CLANG_WARN_NON_LITERAL_NULL_CONVERSION = YES;
				CLANG_WARN_OBJC_IMPLICIT_RETAIN_SELF = YES;
				CLANG_WARN_OBJC_LITERAL_CONVERSION = YES;
				CLANG_WARN_OBJC_ROOT_CLASS = YES_ERROR;
				CLANG_WARN_QUOTED_INCLUDE_IN_FRAMEWORK_HEADER = YES;
				CLANG_WARN_RANGE_LOOP_ANALYSIS = YES;
				CLANG_WARN_STRICT_PROTOTYPES = YES;
				CLANG_WARN_SUSPICIOUS_MOVE = YES;
				CLANG_WARN_UNGUARDED_AVAILABILITY = YES_AGGRESSIVE;
				CLANG_WARN_UNREACHABLE_CODE = YES;
				CLANG_WARN__DUPLICATE_METHOD_MATCH = YES;
				COPY_PHASE_STRIP = NO;
				DEBUG_INFORMATION_FORMAT = "dwarf-with-dsym";
				ENABLE_NS_ASSERTIONS = NO;
				ENABLE_STRICT_OBJC_MSGSEND = YES;
				GCC_C_LANGUAGE_STANDARD = gnu11;
				GCC_NO_COMMON_BLOCKS = YES;
				GCC_WARN_64_TO_32_BIT_CONVERSION = YES;
				GCC_WARN_ABOUT_RETURN_TYPE = YES_ERROR;
				GCC_WARN_UNDECLARED_SELECTOR = YES;
				GCC_WARN_UNINITIALIZED_AUTOS = YES_AGGRESSIVE;
				GCC_WARN_UNUSED_FUNCTION = YES;
				GCC_WARN_UNUSED_VARIABLE = YES;
				IPHONEOS_DEPLOYMENT_TARGET = 16.4;
				MTL_ENABLE_DEBUG_INFO = NO;
				MTL_FAST_MATH = YES;
				SDKROOT = iphoneos;
				SWIFT_COMPILATION_MODE = wholemodule;
				SWIFT_OPTIMIZATION_LEVEL = "-O";
				VALIDATE_PRODUCT = YES;
			};
			name = Release;
		};
		0A9383B42A0600C100889890 /* Debug */ = {
			isa = XCBuildConfiguration;
			buildSettings = {
				ASSETCATALOG_COMPILER_APPICON_NAME = AppIcon;
				ASSETCATALOG_COMPILER_GLOBAL_ACCENT_COLOR_NAME = AccentColor;
				CODE_SIGN_STYLE = Manual;
				CURRENT_PROJECT_VERSION = 1;
				DEVELOPMENT_TEAM = "";
				GENERATE_INFOPLIST_FILE = YES;
				INFOPLIST_FILE = videojournal/Info.plist;
				INFOPLIST_KEY_UIApplicationSupportsIndirectInputEvents = YES;
				INFOPLIST_KEY_UILaunchStoryboardName = LaunchScreen;
				INFOPLIST_KEY_UIMainStoryboardFile = Main;
				INFOPLIST_KEY_UISupportedInterfaceOrientations_iPad = "UIInterfaceOrientationPortrait UIInterfaceOrientationPortraitUpsideDown UIInterfaceOrientationLandscapeLeft UIInterfaceOrientationLandscapeRight";
				INFOPLIST_KEY_UISupportedInterfaceOrientations_iPhone = "UIInterfaceOrientationPortrait UIInterfaceOrientationLandscapeLeft UIInterfaceOrientationLandscapeRight";
				LD_RUNPATH_SEARCH_PATHS = (
					"$(inherited)",
					"@executable_path/Frameworks",
				);
				MARKETING_VERSION = 1.0;
				PRODUCT_BUNDLE_IDENTIFIER = com.videojournal;
				PRODUCT_NAME = "$(TARGET_NAME)";
				PROVISIONING_PROFILE_SPECIFIER = "";
				SWIFT_EMIT_LOC_STRINGS = YES;
				SWIFT_VERSION = 5.0;
				TARGETED_DEVICE_FAMILY = "1,2";
			};
			name = Debug;
		};
		0A9383B52A0600C100889890 /* Release */ = {
			isa = XCBuildConfiguration;
			buildSettings = {
				ASSETCATALOG_COMPILER_APPICON_NAME = AppIcon;
				ASSETCATALOG_COMPILER_GLOBAL_ACCENT_COLOR_NAME = AccentColor;
				CODE_SIGN_STYLE = Manual;
				CURRENT_PROJECT_VERSION = 1;
				DEVELOPMENT_TEAM = "";
				GENERATE_INFOPLIST_FILE = YES;
				INFOPLIST_FILE = videojournal/Info.plist;
				INFOPLIST_KEY_UIApplicationSupportsIndirectInputEvents = YES;
				INFOPLIST_KEY_UILaunchStoryboardName = LaunchScreen;
				INFOPLIST_KEY_UIMainStoryboardFile = Main;
				INFOPLIST_KEY_UISupportedInterfaceOrientations_iPad = "UIInterfaceOrientationPortrait UIInterfaceOrientationPortraitUpsideDown UIInterfaceOrientationLandscapeLeft UIInterfaceOrientationLandscapeRight";
				INFOPLIST_KEY_UISupportedInterfaceOrientations_iPhone = "UIInterfaceOrientationPortrait UIInterfaceOrientationLandscapeLeft UIInterfaceOrientationLandscapeRight";
				LD_RUNPATH_SEARCH_PATHS = (
					"$(inherited)",
					"@executable_path/Frameworks",
				);
				MARKETING_VERSION = 1.0;
				PRODUCT_BUNDLE_IDENTIFIER = com.videojournal;
				PRODUCT_NAME = "$(TARGET_NAME)";
				PROVISIONING_PROFILE_SPECIFIER = "";
				SWIFT_EMIT_LOC_STRINGS = YES;
				SWIFT_VERSION = 5.0;
				TARGETED_DEVICE_FAMILY = "1,2";
			};
			name = Release;
		};
		0A9383B72A0600C100889890 /* Debug */ = {
			isa = XCBuildConfiguration;
			buildSettings = {
				ALWAYS_EMBED_SWIFT_STANDARD_LIBRARIES = YES;
				BUNDLE_LOADER = "$(TEST_HOST)";
				CODE_SIGN_STYLE = Automatic;
				CURRENT_PROJECT_VERSION = 1;
				GENERATE_INFOPLIST_FILE = YES;
				IPHONEOS_DEPLOYMENT_TARGET = 16.4;
				MARKETING_VERSION = 1.0;
				PRODUCT_BUNDLE_IDENTIFIER = Main.videojournalTests;
				PRODUCT_NAME = "$(TARGET_NAME)";
				SWIFT_EMIT_LOC_STRINGS = NO;
				SWIFT_VERSION = 5.0;
				TARGETED_DEVICE_FAMILY = "1,2";
				TEST_HOST = "$(BUILT_PRODUCTS_DIR)/videojournal.app/$(BUNDLE_EXECUTABLE_FOLDER_PATH)/videojournal";
			};
			name = Debug;
		};
		0A9383B82A0600C100889890 /* Release */ = {
			isa = XCBuildConfiguration;
			buildSettings = {
				ALWAYS_EMBED_SWIFT_STANDARD_LIBRARIES = YES;
				BUNDLE_LOADER = "$(TEST_HOST)";
				CODE_SIGN_STYLE = Automatic;
				CURRENT_PROJECT_VERSION = 1;
				GENERATE_INFOPLIST_FILE = YES;
				IPHONEOS_DEPLOYMENT_TARGET = 16.4;
				MARKETING_VERSION = 1.0;
				PRODUCT_BUNDLE_IDENTIFIER = Main.videojournalTests;
				PRODUCT_NAME = "$(TARGET_NAME)";
				SWIFT_EMIT_LOC_STRINGS = NO;
				SWIFT_VERSION = 5.0;
				TARGETED_DEVICE_FAMILY = "1,2";
				TEST_HOST = "$(BUILT_PRODUCTS_DIR)/videojournal.app/$(BUNDLE_EXECUTABLE_FOLDER_PATH)/videojournal";
			};
			name = Release;
		};
		0A9383BA2A0600C100889890 /* Debug */ = {
			isa = XCBuildConfiguration;
			buildSettings = {
				ALWAYS_EMBED_SWIFT_STANDARD_LIBRARIES = YES;
				CODE_SIGN_STYLE = Automatic;
				CURRENT_PROJECT_VERSION = 1;
				GENERATE_INFOPLIST_FILE = YES;
				MARKETING_VERSION = 1.0;
				PRODUCT_BUNDLE_IDENTIFIER = Main.videojournalUITests;
				PRODUCT_NAME = "$(TARGET_NAME)";
				SWIFT_EMIT_LOC_STRINGS = NO;
				SWIFT_VERSION = 5.0;
				TARGETED_DEVICE_FAMILY = "1,2";
				TEST_TARGET_NAME = videojournal;
			};
			name = Debug;
		};
		0A9383BB2A0600C100889890 /* Release */ = {
			isa = XCBuildConfiguration;
			buildSettings = {
				ALWAYS_EMBED_SWIFT_STANDARD_LIBRARIES = YES;
				CODE_SIGN_STYLE = Automatic;
				CURRENT_PROJECT_VERSION = 1;
				GENERATE_INFOPLIST_FILE = YES;
				MARKETING_VERSION = 1.0;
				PRODUCT_BUNDLE_IDENTIFIER = Main.videojournalUITests;
				PRODUCT_NAME = "$(TARGET_NAME)";
				SWIFT_EMIT_LOC_STRINGS = NO;
				SWIFT_VERSION = 5.0;
				TARGETED_DEVICE_FAMILY = "1,2";
				TEST_TARGET_NAME = videojournal;
			};
			name = Release;
		};
/* End XCBuildConfiguration section */

/* Begin XCConfigurationList section */
		0A9383842A0600BE00889890 /* Build configuration list for PBXProject "videojournal" */ = {
			isa = XCConfigurationList;
			buildConfigurations = (
				0A9383B12A0600C100889890 /* Debug */,
				0A9383B22A0600C100889890 /* Release */,
			);
			defaultConfigurationIsVisible = 0;
			defaultConfigurationName = Release;
		};
		0A9383B32A0600C100889890 /* Build configuration list for PBXNativeTarget "videojournal" */ = {
			isa = XCConfigurationList;
			buildConfigurations = (
				0A9383B42A0600C100889890 /* Debug */,
				0A9383B52A0600C100889890 /* Release */,
			);
			defaultConfigurationIsVisible = 0;
			defaultConfigurationName = Release;
		};
		0A9383B62A0600C100889890 /* Build configuration list for PBXNativeTarget "videojournalTests" */ = {
			isa = XCConfigurationList;
			buildConfigurations = (
				0A9383B72A0600C100889890 /* Debug */,
				0A9383B82A0600C100889890 /* Release */,
			);
			defaultConfigurationIsVisible = 0;
			defaultConfigurationName = Release;
		};
		0A9383B92A0600C100889890 /* Build configuration list for PBXNativeTarget "videojournalUITests" */ = {
			isa = XCConfigurationList;
			buildConfigurations = (
				0A9383BA2A0600C100889890 /* Debug */,
				0A9383BB2A0600C100889890 /* Release */,
			);
			defaultConfigurationIsVisible = 0;
			defaultConfigurationName = Release;
		};
/* End XCConfigurationList section */
	};
	rootObject = 0A9383812A0600BE00889890 /* Project object */;
}
